// !$*UTF8*$!
{
	archiveVersion = 1;
	classes = {
	};
	objectVersion = 56;
	objects = {

/* Begin PBXBuildFile section */
		F87AD46A298AD1AF0024FF58 /* WebViewController.swift in Sources */ = {isa = PBXBuildFile; fileRef = F87AD469298AD1AF0024FF58 /* WebViewController.swift */; };
		F87AD484298C30000024FF58 /* ListCollectionViewController.swift in Sources */ = {isa = PBXBuildFile; fileRef = F87AD483298C30000024FF58 /* ListCollectionViewController.swift */; };
		F89216EC297F040B00D980A1 /* SingleEntityMultipleSectionsViewController.swift in Sources */ = {isa = PBXBuildFile; fileRef = F89216EB297F040B00D980A1 /* SingleEntityMultipleSectionsViewController.swift */; };
		F89216EE297F045E00D980A1 /* MultipleEntitiesMultipleSectionsViewController.swift in Sources */ = {isa = PBXBuildFile; fileRef = F89216ED297F045E00D980A1 /* MultipleEntitiesMultipleSectionsViewController.swift */; };
		F8B7D119297F010C00F9076A /* AppDelegate.swift in Sources */ = {isa = PBXBuildFile; fileRef = F8B7D118297F010C00F9076A /* AppDelegate.swift */; };
		F8B7D11B297F010C00F9076A /* SceneDelegate.swift in Sources */ = {isa = PBXBuildFile; fileRef = F8B7D11A297F010C00F9076A /* SceneDelegate.swift */; };
		F8B7D11D297F010C00F9076A /* SingleEntitySingleSectionViewController.swift in Sources */ = {isa = PBXBuildFile; fileRef = F8B7D11C297F010C00F9076A /* SingleEntitySingleSectionViewController.swift */; };
		F8B7D120297F010C00F9076A /* Main.storyboard in Resources */ = {isa = PBXBuildFile; fileRef = F8B7D11E297F010C00F9076A /* Main.storyboard */; };
		F8B7D123297F010C00F9076A /* DiffableDatasourceAndCoreData.xcdatamodeld in Sources */ = {isa = PBXBuildFile; fileRef = F8B7D121297F010C00F9076A /* DiffableDatasourceAndCoreData.xcdatamodeld */; };
		F8B7D125297F010C00F9076A /* Assets.xcassets in Resources */ = {isa = PBXBuildFile; fileRef = F8B7D124297F010C00F9076A /* Assets.xcassets */; };
		F8B7D128297F010C00F9076A /* LaunchScreen.storyboard in Resources */ = {isa = PBXBuildFile; fileRef = F8B7D126297F010C00F9076A /* LaunchScreen.storyboard */; };
		F8EC44922988702C00B9C342 /* Collection+Extensions.swift in Sources */ = {isa = PBXBuildFile; fileRef = F8EC44912988702C00B9C342 /* Collection+Extensions.swift */; };
		F8EC44942988713800B9C342 /* TitleSupplementaryView.swift in Sources */ = {isa = PBXBuildFile; fileRef = F8EC44932988713800B9C342 /* TitleSupplementaryView.swift */; };
/* End PBXBuildFile section */

/* Begin PBXFileReference section */
		F87AD469298AD1AF0024FF58 /* WebViewController.swift */ = {isa = PBXFileReference; lastKnownFileType = sourcecode.swift; path = WebViewController.swift; sourceTree = "<group>"; };
		F87AD483298C30000024FF58 /* ListCollectionViewController.swift */ = {isa = PBXFileReference; lastKnownFileType = sourcecode.swift; path = ListCollectionViewController.swift; sourceTree = "<group>"; };
		F89216EB297F040B00D980A1 /* SingleEntityMultipleSectionsViewController.swift */ = {isa = PBXFileReference; lastKnownFileType = sourcecode.swift; path = SingleEntityMultipleSectionsViewController.swift; sourceTree = "<group>"; };
		F89216ED297F045E00D980A1 /* MultipleEntitiesMultipleSectionsViewController.swift */ = {isa = PBXFileReference; lastKnownFileType = sourcecode.swift; path = MultipleEntitiesMultipleSectionsViewController.swift; sourceTree = "<group>"; };
		F8B7D115297F010C00F9076A /* DiffableDatasourceAndCoreData.app */ = {isa = PBXFileReference; explicitFileType = wrapper.application; includeInIndex = 0; path = DiffableDatasourceAndCoreData.app; sourceTree = BUILT_PRODUCTS_DIR; };
		F8B7D118297F010C00F9076A /* AppDelegate.swift */ = {isa = PBXFileReference; lastKnownFileType = sourcecode.swift; path = AppDelegate.swift; sourceTree = "<group>"; };
		F8B7D11A297F010C00F9076A /* SceneDelegate.swift */ = {isa = PBXFileReference; lastKnownFileType = sourcecode.swift; path = SceneDelegate.swift; sourceTree = "<group>"; };
		F8B7D11C297F010C00F9076A /* SingleEntitySingleSectionViewController.swift */ = {isa = PBXFileReference; lastKnownFileType = sourcecode.swift; path = SingleEntitySingleSectionViewController.swift; sourceTree = "<group>"; };
		F8B7D11F297F010C00F9076A /* Base */ = {isa = PBXFileReference; lastKnownFileType = file.storyboard; name = Base; path = Base.lproj/Main.storyboard; sourceTree = "<group>"; };
		F8B7D122297F010C00F9076A /* DiffableDatasourceAndCoreData.xcdatamodel */ = {isa = PBXFileReference; lastKnownFileType = wrapper.xcdatamodel; path = DiffableDatasourceAndCoreData.xcdatamodel; sourceTree = "<group>"; };
		F8B7D124297F010C00F9076A /* Assets.xcassets */ = {isa = PBXFileReference; lastKnownFileType = folder.assetcatalog; path = Assets.xcassets; sourceTree = "<group>"; };
		F8B7D127297F010C00F9076A /* Base */ = {isa = PBXFileReference; lastKnownFileType = file.storyboard; name = Base; path = Base.lproj/LaunchScreen.storyboard; sourceTree = "<group>"; };
		F8B7D129297F010C00F9076A /* Info.plist */ = {isa = PBXFileReference; lastKnownFileType = text.plist.xml; path = Info.plist; sourceTree = "<group>"; };
		F8EC44912988702C00B9C342 /* Collection+Extensions.swift */ = {isa = PBXFileReference; lastKnownFileType = sourcecode.swift; path = "Collection+Extensions.swift"; sourceTree = "<group>"; };
		F8EC44932988713800B9C342 /* TitleSupplementaryView.swift */ = {isa = PBXFileReference; lastKnownFileType = sourcecode.swift; path = TitleSupplementaryView.swift; sourceTree = "<group>"; };
/* End PBXFileReference section */

/* Begin PBXFrameworksBuildPhase section */
		F8B7D112297F010C00F9076A /* Frameworks */ = {
			isa = PBXFrameworksBuildPhase;
			buildActionMask = 2147483647;
			files = (
			);
			runOnlyForDeploymentPostprocessing = 0;
		};
/* End PBXFrameworksBuildPhase section */

/* Begin PBXGroup section */
		F8B7D10C297F010C00F9076A = {
			isa = PBXGroup;
			children = (
				F8B7D117297F010C00F9076A /* DiffableDatasourceAndCoreData */,
				F8B7D116297F010C00F9076A /* Products */,
			);
			sourceTree = "<group>";
		};
		F8B7D116297F010C00F9076A /* Products */ = {
			isa = PBXGroup;
			children = (
				F8B7D115297F010C00F9076A /* DiffableDatasourceAndCoreData.app */,
			);
			name = Products;
			sourceTree = "<group>";
		};
		F8B7D117297F010C00F9076A /* DiffableDatasourceAndCoreData */ = {
			isa = PBXGroup;
			children = (
				F8B7D129297F010C00F9076A /* Info.plist */,
				F8B7D118297F010C00F9076A /* AppDelegate.swift */,
				F8EC44912988702C00B9C342 /* Collection+Extensions.swift */,
				F87AD483298C30000024FF58 /* ListCollectionViewController.swift */,
				F89216ED297F045E00D980A1 /* MultipleEntitiesMultipleSectionsViewController.swift */,
				F8B7D11A297F010C00F9076A /* SceneDelegate.swift */,
				F89216EB297F040B00D980A1 /* SingleEntityMultipleSectionsViewController.swift */,
				F8B7D11C297F010C00F9076A /* SingleEntitySingleSectionViewController.swift */,
				F8EC44932988713800B9C342 /* TitleSupplementaryView.swift */,
				F87AD469298AD1AF0024FF58 /* WebViewController.swift */,
				F8B7D124297F010C00F9076A /* Assets.xcassets */,
				F8B7D121297F010C00F9076A /* DiffableDatasourceAndCoreData.xcdatamodeld */,
				F8B7D126297F010C00F9076A /* LaunchScreen.storyboard */,
				F8B7D11E297F010C00F9076A /* Main.storyboard */,
			);
			path = DiffableDatasourceAndCoreData;
			sourceTree = "<group>";
		};
/* End PBXGroup section */

/* Begin PBXNativeTarget section */
		F8B7D114297F010C00F9076A /* DiffableDatasourceAndCoreData */ = {
			isa = PBXNativeTarget;
			buildConfigurationList = F8B7D12C297F010C00F9076A /* Build configuration list for PBXNativeTarget "DiffableDatasourceAndCoreData" */;
			buildPhases = (
				F8B7D111297F010C00F9076A /* Sources */,
				F8B7D112297F010C00F9076A /* Frameworks */,
				F8B7D113297F010C00F9076A /* Resources */,
			);
			buildRules = (
			);
			dependencies = (
			);
			name = DiffableDatasourceAndCoreData;
			productName = DiffableDatasourceAndCoreData;
			productReference = F8B7D115297F010C00F9076A /* DiffableDatasourceAndCoreData.app */;
			productType = "com.apple.product-type.application";
		};
/* End PBXNativeTarget section */

/* Begin PBXProject section */
		F8B7D10D297F010C00F9076A /* Project object */ = {
			isa = PBXProject;
			attributes = {
				BuildIndependentTargetsInParallel = 1;
				LastSwiftUpdateCheck = 1420;
				LastUpgradeCheck = 1420;
				TargetAttributes = {
					F8B7D114297F010C00F9076A = {
						CreatedOnToolsVersion = 14.2;
					};
				};
			};
			buildConfigurationList = F8B7D110297F010C00F9076A /* Build configuration list for PBXProject "DiffableDatasourceAndCoreData" */;
			compatibilityVersion = "Xcode 14.0";
			developmentRegion = en;
			hasScannedForEncodings = 0;
			knownRegions = (
				en,
				Base,
			);
			mainGroup = F8B7D10C297F010C00F9076A;
			productRefGroup = F8B7D116297F010C00F9076A /* Products */;
			projectDirPath = "";
			projectRoot = "";
			targets = (
				F8B7D114297F010C00F9076A /* DiffableDatasourceAndCoreData */,
			);
		};
/* End PBXProject section */

/* Begin PBXResourcesBuildPhase section */
		F8B7D113297F010C00F9076A /* Resources */ = {
			isa = PBXResourcesBuildPhase;
			buildActionMask = 2147483647;
			files = (
				F8B7D128297F010C00F9076A /* LaunchScreen.storyboard in Resources */,
				F8B7D125297F010C00F9076A /* Assets.xcassets in Resources */,
				F8B7D120297F010C00F9076A /* Main.storyboard in Resources */,
			);
			runOnlyForDeploymentPostprocessing = 0;
		};
/* End PBXResourcesBuildPhase section */

/* Begin PBXSourcesBuildPhase section */
		F8B7D111297F010C00F9076A /* Sources */ = {
			isa = PBXSourcesBuildPhase;
			buildActionMask = 2147483647;
			files = (
				F8B7D123297F010C00F9076A /* DiffableDatasourceAndCoreData.xcdatamodeld in Sources */,
				F87AD46A298AD1AF0024FF58 /* WebViewController.swift in Sources */,
				F87AD484298C30000024FF58 /* ListCollectionViewController.swift in Sources */,
				F8B7D11D297F010C00F9076A /* SingleEntitySingleSectionViewController.swift in Sources */,
				F8EC44922988702C00B9C342 /* Collection+Extensions.swift in Sources */,
				F8B7D119297F010C00F9076A /* AppDelegate.swift in Sources */,
				F89216EE297F045E00D980A1 /* MultipleEntitiesMultipleSectionsViewController.swift in Sources */,
				F8EC44942988713800B9C342 /* TitleSupplementaryView.swift in Sources */,
				F89216EC297F040B00D980A1 /* SingleEntityMultipleSectionsViewController.swift in Sources */,
				F8B7D11B297F010C00F9076A /* SceneDelegate.swift in Sources */,
			);
			runOnlyForDeploymentPostprocessing = 0;
		};
/* End PBXSourcesBuildPhase section */

/* Begin PBXVariantGroup section */
		F8B7D11E297F010C00F9076A /* Main.storyboard */ = {
			isa = PBXVariantGroup;
			children = (
				F8B7D11F297F010C00F9076A /* Base */,
			);
			name = Main.storyboard;
			sourceTree = "<group>";
		};
		F8B7D126297F010C00F9076A /* LaunchScreen.storyboard */ = {
			isa = PBXVariantGroup;
			children = (
				F8B7D127297F010C00F9076A /* Base */,
			);
			name = LaunchScreen.storyboard;
			sourceTree = "<group>";
		};
/* End PBXVariantGroup section */

/* Begin XCBuildConfiguration section */
		F8B7D12A297F010C00F9076A /* Debug */ = {
			isa = XCBuildConfiguration;
			buildSettings = {
				ALWAYS_SEARCH_USER_PATHS = NO;
				CLANG_ANALYZER_NONNULL = YES;
				CLANG_ANALYZER_NUMBER_OBJECT_CONVERSION = YES_AGGRESSIVE;
				CLANG_CXX_LANGUAGE_STANDARD = "gnu++20";
				CLANG_ENABLE_MODULES = YES;
				CLANG_ENABLE_OBJC_ARC = YES;
				CLANG_ENABLE_OBJC_WEAK = YES;
				CLANG_WARN_BLOCK_CAPTURE_AUTORELEASING = YES;
				CLANG_WARN_BOOL_CONVERSION = YES;
				CLANG_WARN_COMMA = YES;
				CLANG_WARN_CONSTANT_CONVERSION = YES;
				CLANG_WARN_DEPRECATED_OBJC_IMPLEMENTATIONS = YES;
				CLANG_WARN_DIRECT_OBJC_ISA_USAGE = YES_ERROR;
				CLANG_WARN_DOCUMENTATION_COMMENTS = YES;
				CLANG_WARN_EMPTY_BODY = YES;
				CLANG_WARN_ENUM_CONVERSION = YES;
				CLANG_WARN_INFINITE_RECURSION = YES;
				CLANG_WARN_INT_CONVERSION = YES;
				CLANG_WARN_NON_LITERAL_NULL_CONVERSION = YES;
				CLANG_WARN_OBJC_IMPLICIT_RETAIN_SELF = YES;
				CLANG_WARN_OBJC_LITERAL_CONVERSION = YES;
				CLANG_WARN_OBJC_ROOT_CLASS = YES_ERROR;
				CLANG_WARN_QUOTED_INCLUDE_IN_FRAMEWORK_HEADER = YES;
				CLANG_WARN_RANGE_LOOP_ANALYSIS = YES;
				CLANG_WARN_STRICT_PROTOTYPES = YES;
				CLANG_WARN_SUSPICIOUS_MOVE = YES;
				CLANG_WARN_UNGUARDED_AVAILABILITY = YES_AGGRESSIVE;
				CLANG_WARN_UNREACHABLE_CODE = YES;
				CLANG_WARN__DUPLICATE_METHOD_MATCH = YES;
				COPY_PHASE_STRIP = NO;
				DEBUG_INFORMATION_FORMAT = dwarf;
				ENABLE_STRICT_OBJC_MSGSEND = YES;
				ENABLE_TESTABILITY = YES;
				GCC_C_LANGUAGE_STANDARD = gnu11;
				GCC_DYNAMIC_NO_PIC = NO;
				GCC_NO_COMMON_BLOCKS = YES;
				GCC_OPTIMIZATION_LEVEL = 0;
				GCC_PREPROCESSOR_DEFINITIONS = (
					"DEBUG=1",
					"$(inherited)",
				);
				GCC_WARN_64_TO_32_BIT_CONVERSION = YES;
				GCC_WARN_ABOUT_RETURN_TYPE = YES_ERROR;
				GCC_WARN_UNDECLARED_SELECTOR = YES;
				GCC_WARN_UNINITIALIZED_AUTOS = YES_AGGRESSIVE;
				GCC_WARN_UNUSED_FUNCTION = YES;
				GCC_WARN_UNUSED_VARIABLE = YES;
				IPHONEOS_DEPLOYMENT_TARGET = 16.2;
				MTL_ENABLE_DEBUG_INFO = INCLUDE_SOURCE;
				MTL_FAST_MATH = YES;
				ONLY_ACTIVE_ARCH = YES;
				SDKROOT = iphoneos;
				SWIFT_ACTIVE_COMPILATION_CONDITIONS = DEBUG;
				SWIFT_OPTIMIZATION_LEVEL = "-Onone";
			};
			name = Debug;
		};
		F8B7D12B297F010C00F9076A /* Release */ = {
			isa = XCBuildConfiguration;
			buildSettings = {
				ALWAYS_SEARCH_USER_PATHS = NO;
				CLANG_ANALYZER_NONNULL = YES;
				CLANG_ANALYZER_NUMBER_OBJECT_CONVERSION = YES_AGGRESSIVE;
				CLANG_CXX_LANGUAGE_STANDARD = "gnu++20";
				CLANG_ENABLE_MODULES = YES;
				CLANG_ENABLE_OBJC_ARC = YES;
				CLANG_ENABLE_OBJC_WEAK = YES;
				CLANG_WARN_BLOCK_CAPTURE_AUTORELEASING = YES;
				CLANG_WARN_BOOL_CONVERSION = YES;
				CLANG_WARN_COMMA = YES;
				CLANG_WARN_CONSTANT_CONVERSION = YES;
				CLANG_WARN_DEPRECATED_OBJC_IMPLEMENTATIONS = YES;
				CLANG_WARN_DIRECT_OBJC_ISA_USAGE = YES_ERROR;
				CLANG_WARN_DOCUMENTATION_COMMENTS = YES;
				CLANG_WARN_EMPTY_BODY = YES;
				CLANG_WARN_ENUM_CONVERSION = YES;
				CLANG_WARN_INFINITE_RECURSION = YES;
				CLANG_WARN_INT_CONVERSION = YES;
				CLANG_WARN_NON_LITERAL_NULL_CONVERSION = YES;
				CLANG_WARN_OBJC_IMPLICIT_RETAIN_SELF = YES;
				CLANG_WARN_OBJC_LITERAL_CONVERSION = YES;
				CLANG_WARN_OBJC_ROOT_CLASS = YES_ERROR;
				CLANG_WARN_QUOTED_INCLUDE_IN_FRAMEWORK_HEADER = YES;
				CLANG_WARN_RANGE_LOOP_ANALYSIS = YES;
				CLANG_WARN_STRICT_PROTOTYPES = YES;
				CLANG_WARN_SUSPICIOUS_MOVE = YES;
				CLANG_WARN_UNGUARDED_AVAILABILITY = YES_AGGRESSIVE;
				CLANG_WARN_UNREACHABLE_CODE = YES;
				CLANG_WARN__DUPLICATE_METHOD_MATCH = YES;
				COPY_PHASE_STRIP = NO;
				DEBUG_INFORMATION_FORMAT = "dwarf-with-dsym";
				ENABLE_NS_ASSERTIONS = NO;
				ENABLE_STRICT_OBJC_MSGSEND = YES;
				GCC_C_LANGUAGE_STANDARD = gnu11;
				GCC_NO_COMMON_BLOCKS = YES;
				GCC_WARN_64_TO_32_BIT_CONVERSION = YES;
				GCC_WARN_ABOUT_RETURN_TYPE = YES_ERROR;
				GCC_WARN_UNDECLARED_SELECTOR = YES;
				GCC_WARN_UNINITIALIZED_AUTOS = YES_AGGRESSIVE;
				GCC_WARN_UNUSED_FUNCTION = YES;
				GCC_WARN_UNUSED_VARIABLE = YES;
				IPHONEOS_DEPLOYMENT_TARGET = 16.2;
				MTL_ENABLE_DEBUG_INFO = NO;
				MTL_FAST_MATH = YES;
				SDKROOT = iphoneos;
				SWIFT_COMPILATION_MODE = wholemodule;
				SWIFT_OPTIMIZATION_LEVEL = "-O";
				VALIDATE_PRODUCT = YES;
			};
			name = Release;
		};
		F8B7D12D297F010C00F9076A /* Debug */ = {
			isa = XCBuildConfiguration;
			buildSettings = {
				ASSETCATALOG_COMPILER_APPICON_NAME = AppIcon;
				ASSETCATALOG_COMPILER_GLOBAL_ACCENT_COLOR_NAME = AccentColor;
				CODE_SIGN_STYLE = Automatic;
				CURRENT_PROJECT_VERSION = 1;
				DEVELOPMENT_TEAM = 8UPX5ZH272;
				GENERATE_INFOPLIST_FILE = YES;
				INFOPLIST_FILE = DiffableDatasourceAndCoreData/Info.plist;
				INFOPLIST_KEY_UIApplicationSupportsIndirectInputEvents = YES;
				INFOPLIST_KEY_UILaunchStoryboardName = LaunchScreen;
				INFOPLIST_KEY_UIMainStoryboardFile = Main;
				INFOPLIST_KEY_UISupportedInterfaceOrientations_iPad = "UIInterfaceOrientationPortrait UIInterfaceOrientationPortraitUpsideDown UIInterfaceOrientationLandscapeLeft UIInterfaceOrientationLandscapeRight";
				INFOPLIST_KEY_UISupportedInterfaceOrientations_iPhone = "UIInterfaceOrientationPortrait UIInterfaceOrientationLandscapeLeft UIInterfaceOrientationLandscapeRight";
				LD_RUNPATH_SEARCH_PATHS = (
					"$(inherited)",
					"@executable_path/Frameworks",
				);
				MARKETING_VERSION = 1.0;
				PRODUCT_BUNDLE_IDENTIFIER = com.schmittsfn.DiffableDatasourceAndCoreData;
				PRODUCT_NAME = "$(TARGET_NAME)";
				SWIFT_EMIT_LOC_STRINGS = YES;
				SWIFT_VERSION = 5.0;
				TARGETED_DEVICE_FAMILY = "1,2";
			};
			name = Debug;
		};
		F8B7D12E297F010C00F9076A /* Release */ = {
			isa = XCBuildConfiguration;
			buildSettings = {
				ASSETCATALOG_COMPILER_APPICON_NAME = AppIcon;
				ASSETCATALOG_COMPILER_GLOBAL_ACCENT_COLOR_NAME = AccentColor;
				CODE_SIGN_STYLE = Automatic;
				CURRENT_PROJECT_VERSION = 1;
				DEVELOPMENT_TEAM = 8UPX5ZH272;
				GENERATE_INFOPLIST_FILE = YES;
				INFOPLIST_FILE = DiffableDatasourceAndCoreData/Info.plist;
				INFOPLIST_KEY_UIApplicationSupportsIndirectInputEvents = YES;
				INFOPLIST_KEY_UILaunchStoryboardName = LaunchScreen;
				INFOPLIST_KEY_UIMainStoryboardFile = Main;
				INFOPLIST_KEY_UISupportedInterfaceOrientations_iPad = "UIInterfaceOrientationPortrait UIInterfaceOrientationPortraitUpsideDown UIInterfaceOrientationLandscapeLeft UIInterfaceOrientationLandscapeRight";
				INFOPLIST_KEY_UISupportedInterfaceOrientations_iPhone = "UIInterfaceOrientationPortrait UIInterfaceOrientationLandscapeLeft UIInterfaceOrientationLandscapeRight";
				LD_RUNPATH_SEARCH_PATHS = (
					"$(inherited)",
					"@executable_path/Frameworks",
				);
				MARKETING_VERSION = 1.0;
				PRODUCT_BUNDLE_IDENTIFIER = com.schmittsfn.DiffableDatasourceAndCoreData;
				PRODUCT_NAME = "$(TARGET_NAME)";
				SWIFT_EMIT_LOC_STRINGS = YES;
				SWIFT_VERSION = 5.0;
				TARGETED_DEVICE_FAMILY = "1,2";
			};
			name = Release;
		};
/* End XCBuildConfiguration section */

/* Begin XCConfigurationList section */
		F8B7D110297F010C00F9076A /* Build configuration list for PBXProject "DiffableDatasourceAndCoreData" */ = {
			isa = XCConfigurationList;
			buildConfigurations = (
				F8B7D12A297F010C00F9076A /* Debug */,
				F8B7D12B297F010C00F9076A /* Release */,
			);
			defaultConfigurationIsVisible = 0;
			defaultConfigurationName = Release;
		};
		F8B7D12C297F010C00F9076A /* Build configuration list for PBXNativeTarget "DiffableDatasourceAndCoreData" */ = {
			isa = XCConfigurationList;
			buildConfigurations = (
				F8B7D12D297F010C00F9076A /* Debug */,
				F8B7D12E297F010C00F9076A /* Release */,
			);
			defaultConfigurationIsVisible = 0;
			defaultConfigurationName = Release;
		};
/* End XCConfigurationList section */

/* Begin XCVersionGroup section */
		F8B7D121297F010C00F9076A /* DiffableDatasourceAndCoreData.xcdatamodeld */ = {
			isa = XCVersionGroup;
			children = (
				F8B7D122297F010C00F9076A /* DiffableDatasourceAndCoreData.xcdatamodel */,
			);
			currentVersion = F8B7D122297F010C00F9076A /* DiffableDatasourceAndCoreData.xcdatamodel */;
			path = DiffableDatasourceAndCoreData.xcdatamodeld;
			sourceTree = "<group>";
			versionGroupType = wrapper.xcdatamodel;
		};
/* End XCVersionGroup section */
	};
	rootObject = F8B7D10D297F010C00F9076A /* Project object */;
}
